
Microsoft Visual Studio Solution File, Format Version 12.00
# Visual Studio Version 17
VisualStudioVersion = 17.4.33213.308
MinimumVisualStudioVersion = 10.0.40219.1
Project("{FAE04EC0-301F-11D3-BF4B-00C04F79EFBC}") = "Timer_WF", "Timer_WF.csproj", "{2A44DB88-4406-4758-9EFD-1B494D8BFB5D}"
EndProject
Global
	GlobalSection(SolutionConfigurationPlatforms) = preSolution
		Debug|Any CPU = Debug|Any CPU
		Release|Any CPU = Release|Any CPU
	EndGlobalSection
	GlobalSection(ProjectConfigurationPlatforms) = postSolution
		{2A44DB88-4406-4758-9EFD-1B494D8BFB5D}.Debug|Any CPU.ActiveCfg = Debug|Any CPU
		{2A44DB88-4406-4758-9EFD-1B494D8BFB5D}.Debug|Any CPU.Build.0 = Debug|Any CPU
		{2A44DB88-4406-4758-9EFD-1B494D8BFB5D}.Release|Any CPU.ActiveCfg = Release|Any CPU
		{2A44DB88-4406-4758-9EFD-1B494D8BFB5D}.Release|Any CPU.Build.0 = Release|Any CPU
	EndGlobalSection
	GlobalSection(SolutionProperties) = preSolution
		HideSolutionNode = FALSE
	EndGlobalSection
	GlobalSection(ExtensibilityGlobals) = postSolution
		SolutionGuid = {AFEA5799-80EE-49C0-BED8-9B552FEE2C7A}
	EndGlobalSection
EndGlobal
